
Microsoft Visual Studio Solution File, Format Version 12.00
# Visual Studio Version 16
VisualStudioVersion = 16.0.31205.134
MinimumVisualStudioVersion = 10.0.40219.1
Project("{2150E333-8FDC-42A3-9474-1A3956D46DE8}") = "Application", "Application", "{68CA70A2-562E-46DD-A003-6D1AE3A387BB}"
EndProject
Project("{2150E333-8FDC-42A3-9474-1A3956D46DE8}") = "Domain", "Domain", "{F31C5811-2A94-4079-867A-B89862A17361}"
EndProject
Project("{2150E333-8FDC-42A3-9474-1A3956D46DE8}") = "Infra.IoC", "Infra.IoC", "{6B5CA4C2-EB24-483A-80B2-1B296A52229B}"
EndProject
Project("{2150E333-8FDC-42A3-9474-1A3956D46DE8}") = "Infra.Data", "Infra.Data", "{23418C4F-FCC9-4983-946E-69B0D761BB81}"
EndProject
Project("{2150E333-8FDC-42A3-9474-1A3956D46DE8}") = "Presentation", "Presentation", "{4ED87406-64A0-4C86-AB9B-956427C57C07}"
EndProject
Project("{9A19103F-16F7-4668-BE54-9A1E7A4F7556}") = "CleanArch.Mvc", "CleanArch.Mvc\CleanArch.Mvc.csproj", "{2F6847BF-99DE-4435-8998-6E49FF961AAC}"
EndProject
Project("{9A19103F-16F7-4668-BE54-9A1E7A4F7556}") = "CleanArch.Domain", "CleanArch.Domain\CleanArch.Domain.csproj", "{0737E20D-E8DE-436F-A7F0-624777754906}"
EndProject
Project("{FAE04EC0-301F-11D3-BF4B-00C04F79EFBC}") = "CleanArch.Infra.Data", "CleanArch.Infra.Data\CleanArch.Infra.Data.csproj", "{F7FF34C4-8E81-45B1-93E5-024B23213970}"
EndProject
Project("{FAE04EC0-301F-11D3-BF4B-00C04F79EFBC}") = "CleanArch.Application", "CleanArch.Application\CleanArch.Application.csproj", "{23E12474-4F86-4BC1-BBF6-E0D10E5DB4E0}"
EndProject
Global
	GlobalSection(SolutionConfigurationPlatforms) = preSolution
		Debug|Any CPU = Debug|Any CPU
		Release|Any CPU = Release|Any CPU
	EndGlobalSection
	GlobalSection(ProjectConfigurationPlatforms) = postSolution
		{2F6847BF-99DE-4435-8998-6E49FF961AAC}.Debug|Any CPU.ActiveCfg = Debug|Any CPU
		{2F6847BF-99DE-4435-8998-6E49FF961AAC}.Debug|Any CPU.Build.0 = Debug|Any CPU
		{2F6847BF-99DE-4435-8998-6E49FF961AAC}.Release|Any CPU.ActiveCfg = Release|Any CPU
		{2F6847BF-99DE-4435-8998-6E49FF961AAC}.Release|Any CPU.Build.0 = Release|Any CPU
		{0737E20D-E8DE-436F-A7F0-624777754906}.Debug|Any CPU.ActiveCfg = Debug|Any CPU
		{0737E20D-E8DE-436F-A7F0-624777754906}.Debug|Any CPU.Build.0 = Debug|Any CPU
		{0737E20D-E8DE-436F-A7F0-624777754906}.Release|Any CPU.ActiveCfg = Release|Any CPU
		{0737E20D-E8DE-436F-A7F0-624777754906}.Release|Any CPU.Build.0 = Release|Any CPU
		{F7FF34C4-8E81-45B1-93E5-024B23213970}.Debug|Any CPU.ActiveCfg = Debug|Any CPU
		{F7FF34C4-8E81-45B1-93E5-024B23213970}.Debug|Any CPU.Build.0 = Debug|Any CPU
		{F7FF34C4-8E81-45B1-93E5-024B23213970}.Release|Any CPU.ActiveCfg = Release|Any CPU
		{F7FF34C4-8E81-45B1-93E5-024B23213970}.Release|Any CPU.Build.0 = Release|Any CPU
		{23E12474-4F86-4BC1-BBF6-E0D10E5DB4E0}.Debug|Any CPU.ActiveCfg = Debug|Any CPU
		{23E12474-4F86-4BC1-BBF6-E0D10E5DB4E0}.Debug|Any CPU.Build.0 = Debug|Any CPU
		{23E12474-4F86-4BC1-BBF6-E0D10E5DB4E0}.Release|Any CPU.ActiveCfg = Release|Any CPU
		{23E12474-4F86-4BC1-BBF6-E0D10E5DB4E0}.Release|Any CPU.Build.0 = Release|Any CPU
	EndGlobalSection
	GlobalSection(SolutionProperties) = preSolution
		HideSolutionNode = FALSE
	EndGlobalSection
	GlobalSection(NestedProjects) = preSolution
		{2F6847BF-99DE-4435-8998-6E49FF961AAC} = {4ED87406-64A0-4C86-AB9B-956427C57C07}
		{0737E20D-E8DE-436F-A7F0-624777754906} = {F31C5811-2A94-4079-867A-B89862A17361}
		{F7FF34C4-8E81-45B1-93E5-024B23213970} = {23418C4F-FCC9-4983-946E-69B0D761BB81}
		{23E12474-4F86-4BC1-BBF6-E0D10E5DB4E0} = {68CA70A2-562E-46DD-A003-6D1AE3A387BB}
	EndGlobalSection
	GlobalSection(ExtensibilityGlobals) = postSolution
		SolutionGuid = {10ADC6B9-1F4D-4E94-AFDC-9AF9B7D543D9}
	EndGlobalSection
EndGlobal
